
Microsoft Visual Studio Solution File, Format Version 12.00
# Visual Studio Version 16
VisualStudioVersion = 16.0.31025.194
MinimumVisualStudioVersion = 10.0.40219.1
Project("{FAE04EC0-301F-11D3-BF4B-00C04F79EFBC}") = "ListBoxWinApp", "ListBoxWinApp\ListBoxWinApp.csproj", "{2A9AC724-E6DD-479E-A4C3-6F2611AFFF22}"
EndProject
Project("{FAE04EC0-301F-11D3-BF4B-00C04F79EFBC}") = "Restaurant", "Restaurant\Restaurant.csproj", "{377B4985-A00D-442B-985A-B3D40661CE6A}"
EndProject
Project("{FAE04EC0-301F-11D3-BF4B-00C04F79EFBC}") = "TravelWishApp", "TravelWishApp\TravelWishApp.csproj", "{F8AEC059-7577-4083-8E7C-C02CCC3E05C3}"
EndProject
Project("{FAE04EC0-301F-11D3-BF4B-00C04F79EFBC}") = "GradeCalcApp", "GradeCalcApp\GradeCalcApp.csproj", "{FE0F804A-3947-4D10-9141-6A4AA9487261}"
EndProject
Project("{FAE04EC0-301F-11D3-BF4B-00C04F79EFBC}") = "ListViewApp", "ListViewApp\ListViewApp.csproj", "{33ED7E47-250C-4DFF-844E-806827DDF736}"
EndProject
Project("{FAE04EC0-301F-11D3-BF4B-00C04F79EFBC}") = "StudyHistoryApp", "StudyHistoryApp\StudyHistoryApp.csproj", "{C032775A-9AA6-4474-85F3-A9990B1185B7}"
EndProject
Project("{FAE04EC0-301F-11D3-BF4B-00C04F79EFBC}") = "DigitalClockApp", "DigitalClockApp\DigitalClockApp.csproj", "{FB3AD3F8-603E-4C9F-A332-B3C6C90C2CDD}"
EndProject
Project("{FAE04EC0-301F-11D3-BF4B-00C04F79EFBC}") = "DateCalcApp", "DateCalcApp\DateCalcApp.csproj", "{167752CB-0488-4955-A8C2-9D9DE192FE80}"
EndProject
Project("{FAE04EC0-301F-11D3-BF4B-00C04F79EFBC}") = "AlarmClockApp", "AlarmClockApp\AlarmClockApp.csproj", "{559C8237-C081-4F62-AE5B-8AFB3DDE65AE}"
EndProject
Project("{FAE04EC0-301F-11D3-BF4B-00C04F79EFBC}") = "MoviePlayerApp", "MoviePlayerApp\MoviePlayerApp.csproj", "{CE60933E-5E8C-40F5-B4A7-D99D17BB31D8}"
EndProject
Project("{FAE04EC0-301F-11D3-BF4B-00C04F79EFBC}") = "TextViewApp", "TextViewApp\TextViewApp.csproj", "{7F67C0EC-BB39-4D5A-84DF-DF4264566D62}"
EndProject
Project("{FAE04EC0-301F-11D3-BF4B-00C04F79EFBC}") = "SimpleGraphicEditor", "SimpleGraphicEditor\SimpleGraphicEditor.csproj", "{4F25A606-4B14-4FB4-BEC4-DB574862AD7A}"
EndProject
Project("{FAE04EC0-301F-11D3-BF4B-00C04F79EFBC}") = "HelloWpfApp", "HelloWpfApp\HelloWpfApp.csproj", "{78090B74-BEBC-4BAD-97CC-A1F7F4BC8EDB}"
EndProject
Project("{FAE04EC0-301F-11D3-BF4B-00C04F79EFBC}") = "WpfLayoutApp", "WpfLayoutApp\WpfLayoutApp.csproj", "{D003AE41-D976-4526-B2D0-E551D1473314}"
EndProject
Project("{FAE04EC0-301F-11D3-BF4B-00C04F79EFBC}") = "BmiCalcApp", "BmiCalcApp\BmiCalcApp.csproj", "{8283E419-F603-4B0D-9A10-CF0F978B5048}"
EndProject
Project("{FAE04EC0-301F-11D3-BF4B-00C04F79EFBC}") = "BlinkerApp", "BlinkerApp\BlinkerApp.csproj", "{6ED71F86-6B6E-4622-BE74-B36955B0EA67}"
EndProject
Global
	GlobalSection(SolutionConfigurationPlatforms) = preSolution
		Debug|Any CPU = Debug|Any CPU
		Release|Any CPU = Release|Any CPU
	EndGlobalSection
	GlobalSection(ProjectConfigurationPlatforms) = postSolution
		{2A9AC724-E6DD-479E-A4C3-6F2611AFFF22}.Debug|Any CPU.ActiveCfg = Debug|Any CPU
		{2A9AC724-E6DD-479E-A4C3-6F2611AFFF22}.Debug|Any CPU.Build.0 = Debug|Any CPU
		{2A9AC724-E6DD-479E-A4C3-6F2611AFFF22}.Release|Any CPU.ActiveCfg = Release|Any CPU
		{2A9AC724-E6DD-479E-A4C3-6F2611AFFF22}.Release|Any CPU.Build.0 = Release|Any CPU
		{377B4985-A00D-442B-985A-B3D40661CE6A}.Debug|Any CPU.ActiveCfg = Debug|Any CPU
		{377B4985-A00D-442B-985A-B3D40661CE6A}.Debug|Any CPU.Build.0 = Debug|Any CPU
		{377B4985-A00D-442B-985A-B3D40661CE6A}.Release|Any CPU.ActiveCfg = Release|Any CPU
		{377B4985-A00D-442B-985A-B3D40661CE6A}.Release|Any CPU.Build.0 = Release|Any CPU
		{F8AEC059-7577-4083-8E7C-C02CCC3E05C3}.Debug|Any CPU.ActiveCfg = Debug|Any CPU
		{F8AEC059-7577-4083-8E7C-C02CCC3E05C3}.Debug|Any CPU.Build.0 = Debug|Any CPU
		{F8AEC059-7577-4083-8E7C-C02CCC3E05C3}.Release|Any CPU.ActiveCfg = Release|Any CPU
		{F8AEC059-7577-4083-8E7C-C02CCC3E05C3}.Release|Any CPU.Build.0 = Release|Any CPU
		{FE0F804A-3947-4D10-9141-6A4AA9487261}.Debug|Any CPU.ActiveCfg = Debug|Any CPU
		{FE0F804A-3947-4D10-9141-6A4AA9487261}.Debug|Any CPU.Build.0 = Debug|Any CPU
		{FE0F804A-3947-4D10-9141-6A4AA9487261}.Release|Any CPU.ActiveCfg = Release|Any CPU
		{FE0F804A-3947-4D10-9141-6A4AA9487261}.Release|Any CPU.Build.0 = Release|Any CPU
		{33ED7E47-250C-4DFF-844E-806827DDF736}.Debug|Any CPU.ActiveCfg = Debug|Any CPU
		{33ED7E47-250C-4DFF-844E-806827DDF736}.Debug|Any CPU.Build.0 = Debug|Any CPU
		{33ED7E47-250C-4DFF-844E-806827DDF736}.Release|Any CPU.ActiveCfg = Release|Any CPU
		{33ED7E47-250C-4DFF-844E-806827DDF736}.Release|Any CPU.Build.0 = Release|Any CPU
		{C032775A-9AA6-4474-85F3-A9990B1185B7}.Debug|Any CPU.ActiveCfg = Debug|Any CPU
		{C032775A-9AA6-4474-85F3-A9990B1185B7}.Debug|Any CPU.Build.0 = Debug|Any CPU
		{C032775A-9AA6-4474-85F3-A9990B1185B7}.Release|Any CPU.ActiveCfg = Release|Any CPU
		{C032775A-9AA6-4474-85F3-A9990B1185B7}.Release|Any CPU.Build.0 = Release|Any CPU
		{FB3AD3F8-603E-4C9F-A332-B3C6C90C2CDD}.Debug|Any CPU.ActiveCfg = Debug|Any CPU
		{FB3AD3F8-603E-4C9F-A332-B3C6C90C2CDD}.Debug|Any CPU.Build.0 = Debug|Any CPU
		{FB3AD3F8-603E-4C9F-A332-B3C6C90C2CDD}.Release|Any CPU.ActiveCfg = Release|Any CPU
		{FB3AD3F8-603E-4C9F-A332-B3C6C90C2CDD}.Release|Any CPU.Build.0 = Release|Any CPU
		{167752CB-0488-4955-A8C2-9D9DE192FE80}.Debug|Any CPU.ActiveCfg = Debug|Any CPU
		{167752CB-0488-4955-A8C2-9D9DE192FE80}.Debug|Any CPU.Build.0 = Debug|Any CPU
		{167752CB-0488-4955-A8C2-9D9DE192FE80}.Release|Any CPU.ActiveCfg = Release|Any CPU
		{167752CB-0488-4955-A8C2-9D9DE192FE80}.Release|Any CPU.Build.0 = Release|Any CPU
		{559C8237-C081-4F62-AE5B-8AFB3DDE65AE}.Debug|Any CPU.ActiveCfg = Debug|Any CPU
		{559C8237-C081-4F62-AE5B-8AFB3DDE65AE}.Debug|Any CPU.Build.0 = Debug|Any CPU
		{559C8237-C081-4F62-AE5B-8AFB3DDE65AE}.Release|Any CPU.ActiveCfg = Release|Any CPU
		{559C8237-C081-4F62-AE5B-8AFB3DDE65AE}.Release|Any CPU.Build.0 = Release|Any CPU
		{CE60933E-5E8C-40F5-B4A7-D99D17BB31D8}.Debug|Any CPU.ActiveCfg = Debug|Any CPU
		{CE60933E-5E8C-40F5-B4A7-D99D17BB31D8}.Debug|Any CPU.Build.0 = Debug|Any CPU
		{CE60933E-5E8C-40F5-B4A7-D99D17BB31D8}.Release|Any CPU.ActiveCfg = Release|Any CPU
		{CE60933E-5E8C-40F5-B4A7-D99D17BB31D8}.Release|Any CPU.Build.0 = Release|Any CPU
		{7F67C0EC-BB39-4D5A-84DF-DF4264566D62}.Debug|Any CPU.ActiveCfg = Debug|Any CPU
		{7F67C0EC-BB39-4D5A-84DF-DF4264566D62}.Debug|Any CPU.Build.0 = Debug|Any CPU
		{7F67C0EC-BB39-4D5A-84DF-DF4264566D62}.Release|Any CPU.ActiveCfg = Release|Any CPU
		{7F67C0EC-BB39-4D5A-84DF-DF4264566D62}.Release|Any CPU.Build.0 = Release|Any CPU
		{4F25A606-4B14-4FB4-BEC4-DB574862AD7A}.Debug|Any CPU.ActiveCfg = Debug|Any CPU
		{4F25A606-4B14-4FB4-BEC4-DB574862AD7A}.Debug|Any CPU.Build.0 = Debug|Any CPU
		{4F25A606-4B14-4FB4-BEC4-DB574862AD7A}.Release|Any CPU.ActiveCfg = Release|Any CPU
		{4F25A606-4B14-4FB4-BEC4-DB574862AD7A}.Release|Any CPU.Build.0 = Release|Any CPU
		{78090B74-BEBC-4BAD-97CC-A1F7F4BC8EDB}.Debug|Any CPU.ActiveCfg = Debug|Any CPU
		{78090B74-BEBC-4BAD-97CC-A1F7F4BC8EDB}.Debug|Any CPU.Build.0 = Debug|Any CPU
		{78090B74-BEBC-4BAD-97CC-A1F7F4BC8EDB}.Release|Any CPU.ActiveCfg = Release|Any CPU
		{78090B74-BEBC-4BAD-97CC-A1F7F4BC8EDB}.Release|Any CPU.Build.0 = Release|Any CPU
		{D003AE41-D976-4526-B2D0-E551D1473314}.Debug|Any CPU.ActiveCfg = Debug|Any CPU
		{D003AE41-D976-4526-B2D0-E551D1473314}.Debug|Any CPU.Build.0 = Debug|Any CPU
		{D003AE41-D976-4526-B2D0-E551D1473314}.Release|Any CPU.ActiveCfg = Release|Any CPU
		{D003AE41-D976-4526-B2D0-E551D1473314}.Release|Any CPU.Build.0 = Release|Any CPU
		{8283E419-F603-4B0D-9A10-CF0F978B5048}.Debug|Any CPU.ActiveCfg = Debug|Any CPU
		{8283E419-F603-4B0D-9A10-CF0F978B5048}.Debug|Any CPU.Build.0 = Debug|Any CPU
		{8283E419-F603-4B0D-9A10-CF0F978B5048}.Release|Any CPU.ActiveCfg = Release|Any CPU
		{8283E419-F603-4B0D-9A10-CF0F978B5048}.Release|Any CPU.Build.0 = Release|Any CPU
		{6ED71F86-6B6E-4622-BE74-B36955B0EA67}.Debug|Any CPU.ActiveCfg = Debug|Any CPU
		{6ED71F86-6B6E-4622-BE74-B36955B0EA67}.Debug|Any CPU.Build.0 = Debug|Any CPU
		{6ED71F86-6B6E-4622-BE74-B36955B0EA67}.Release|Any CPU.ActiveCfg = Release|Any CPU
		{6ED71F86-6B6E-4622-BE74-B36955B0EA67}.Release|Any CPU.Build.0 = Release|Any CPU
	EndGlobalSection
	GlobalSection(SolutionProperties) = preSolution
		HideSolutionNode = FALSE
	EndGlobalSection
	GlobalSection(ExtensibilityGlobals) = postSolution
		SolutionGuid = {AC77665B-60B4-4B36-892E-A468A8E36F70}
	EndGlobalSection
EndGlobal
