
Microsoft Visual Studio Solution File, Format Version 12.00
# Visual Studio Version 16
VisualStudioVersion = 16.0.31025.194
MinimumVisualStudioVersion = 10.0.40219.1
Project("{FAE04EC0-301F-11D3-BF4B-00C04F79EFBC}") = "WinCalculatorApp", "WinCalculatorApp\WinCalculatorApp.csproj", "{9D6C9C90-C2B6-4188-9DAD-E6E563A5B228}"
EndProject
Global
	GlobalSection(SolutionConfigurationPlatforms) = preSolution
		Debug|Any CPU = Debug|Any CPU
		Release|Any CPU = Release|Any CPU
	EndGlobalSection
	GlobalSection(ProjectConfigurationPlatforms) = postSolution
		{9D6C9C90-C2B6-4188-9DAD-E6E563A5B228}.Debug|Any CPU.ActiveCfg = Debug|Any CPU
		{9D6C9C90-C2B6-4188-9DAD-E6E563A5B228}.Debug|Any CPU.Build.0 = Debug|Any CPU
		{9D6C9C90-C2B6-4188-9DAD-E6E563A5B228}.Release|Any CPU.ActiveCfg = Release|Any CPU
		{9D6C9C90-C2B6-4188-9DAD-E6E563A5B228}.Release|Any CPU.Build.0 = Release|Any CPU
	EndGlobalSection
	GlobalSection(SolutionProperties) = preSolution
		HideSolutionNode = FALSE
	EndGlobalSection
	GlobalSection(ExtensibilityGlobals) = postSolution
		SolutionGuid = {3937BDF5-7ECD-44EC-A913-4ABDC19A924E}
	EndGlobalSection
EndGlobal
