
Microsoft Visual Studio Solution File, Format Version 12.00
# Visual Studio Version 16
VisualStudioVersion = 16.0.31025.194
MinimumVisualStudioVersion = 10.0.40219.1
Project("{FAE04EC0-301F-11D3-BF4B-00C04F79EFBC}") = "WpfCalculatorApp", "WpfCalculatorApp\WpfCalculatorApp.csproj", "{65BC47B5-6FE6-4EC9-90AD-A6B8AB065228}"
EndProject
Project("{FAE04EC0-301F-11D3-BF4B-00C04F79EFBC}") = "AnalogClockApp", "AnalogClockApp\AnalogClockApp.csproj", "{CE271C67-9578-4578-9330-F49604C4796D}"
EndProject
Project("{FAE04EC0-301F-11D3-BF4B-00C04F79EFBC}") = "MonteCarloPiApp", "MonteCarloPiApp\MonteCarloPiApp.csproj", "{E8EFA263-636A-47FA-9B2C-EC3BB85C0BD1}"
EndProject
Global
	GlobalSection(SolutionConfigurationPlatforms) = preSolution
		Debug|Any CPU = Debug|Any CPU
		Release|Any CPU = Release|Any CPU
	EndGlobalSection
	GlobalSection(ProjectConfigurationPlatforms) = postSolution
		{65BC47B5-6FE6-4EC9-90AD-A6B8AB065228}.Debug|Any CPU.ActiveCfg = Debug|Any CPU
		{65BC47B5-6FE6-4EC9-90AD-A6B8AB065228}.Debug|Any CPU.Build.0 = Debug|Any CPU
		{65BC47B5-6FE6-4EC9-90AD-A6B8AB065228}.Release|Any CPU.ActiveCfg = Release|Any CPU
		{65BC47B5-6FE6-4EC9-90AD-A6B8AB065228}.Release|Any CPU.Build.0 = Release|Any CPU
		{CE271C67-9578-4578-9330-F49604C4796D}.Debug|Any CPU.ActiveCfg = Debug|Any CPU
		{CE271C67-9578-4578-9330-F49604C4796D}.Debug|Any CPU.Build.0 = Debug|Any CPU
		{CE271C67-9578-4578-9330-F49604C4796D}.Release|Any CPU.ActiveCfg = Release|Any CPU
		{CE271C67-9578-4578-9330-F49604C4796D}.Release|Any CPU.Build.0 = Release|Any CPU
		{E8EFA263-636A-47FA-9B2C-EC3BB85C0BD1}.Debug|Any CPU.ActiveCfg = Debug|Any CPU
		{E8EFA263-636A-47FA-9B2C-EC3BB85C0BD1}.Debug|Any CPU.Build.0 = Debug|Any CPU
		{E8EFA263-636A-47FA-9B2C-EC3BB85C0BD1}.Release|Any CPU.ActiveCfg = Release|Any CPU
		{E8EFA263-636A-47FA-9B2C-EC3BB85C0BD1}.Release|Any CPU.Build.0 = Release|Any CPU
	EndGlobalSection
	GlobalSection(SolutionProperties) = preSolution
		HideSolutionNode = FALSE
	EndGlobalSection
	GlobalSection(ExtensibilityGlobals) = postSolution
		SolutionGuid = {0470803D-0241-48F1-BD0F-60A17740B8C5}
	EndGlobalSection
EndGlobal
